// !$*UTF8*$!
{
	archiveVersion = 1;
	classes = {
	};
	objectVersion = 46;
	objects = {

/* Begin PBXBuildFile section */
		551876441E6BFEC700492062 /* AppDelegate.swift in Sources */ = {isa = PBXBuildFile; fileRef = 551876431E6BFEC700492062 /* AppDelegate.swift */; };
		551876461E6BFEC700492062 /* ViewController.swift in Sources */ = {isa = PBXBuildFile; fileRef = 551876451E6BFEC700492062 /* ViewController.swift */; };
		551876491E6BFEC700492062 /* Main.storyboard in Resources */ = {isa = PBXBuildFile; fileRef = 551876471E6BFEC700492062 /* Main.storyboard */; };
		5518764B1E6BFEC700492062 /* Assets.xcassets in Resources */ = {isa = PBXBuildFile; fileRef = 5518764A1E6BFEC700492062 /* Assets.xcassets */; };
		5518764E1E6BFEC700492062 /* LaunchScreen.storyboard in Resources */ = {isa = PBXBuildFile; fileRef = 5518764C1E6BFEC700492062 /* LaunchScreen.storyboard */; };
/* End PBXBuildFile section */

/* Begin PBXFileReference section */
		551876401E6BFEC700492062 /* SimpleTableViewController.app */ = {isa = PBXFileReference; explicitFileType = wrapper.application; includeInIndex = 0; path = SimpleTableViewController.app; sourceTree = BUILT_PRODUCTS_DIR; };
		551876431E6BFEC700492062 /* AppDelegate.swift */ = {isa = PBXFileReference; lastKnownFileType = sourcecode.swift; path = AppDelegate.swift; sourceTree = "<group>"; };
		551876451E6BFEC700492062 /* ViewController.swift */ = {isa = PBXFileReference; lastKnownFileType = sourcecode.swift; path = ViewController.swift; sourceTree = "<group>"; };
		551876481E6BFEC700492062 /* Base */ = {isa = PBXFileReference; lastKnownFileType = file.storyboard; name = Base; path = Base.lproj/Main.storyboard; sourceTree = "<group>"; };
		5518764A1E6BFEC700492062 /* Assets.xcassets */ = {isa = PBXFileReference; lastKnownFileType = folder.assetcatalog; path = Assets.xcassets; sourceTree = "<group>"; };
		5518764D1E6BFEC700492062 /* Base */ = {isa = PBXFileReference; lastKnownFileType = file.storyboard; name = Base; path = Base.lproj/LaunchScreen.storyboard; sourceTree = "<group>"; };
		5518764F1E6BFEC700492062 /* Info.plist */ = {isa = PBXFileReference; lastKnownFileType = text.plist.xml; path = Info.plist; sourceTree = "<group>"; };
/* End PBXFileReference section */

/* Begin PBXFrameworksBuildPhase section */
		5518763D1E6BFEC700492062 /* Frameworks */ = {
			isa = PBXFrameworksBuildPhase;
			buildActionMask = 2147483647;
			files = (
			);
			runOnlyForDeploymentPostprocessing = 0;
		};
/* End PBXFrameworksBuildPhase section */

/* Begin PBXGroup section */
		551876371E6BFEC700492062 = {
			isa = PBXGroup;
			children = (
				551876421E6BFEC700492062 /* SimpleTableViewController */,
				551876411E6BFEC700492062 /* Products */,
			);
			sourceTree = "<group>";
		};
		551876411E6BFEC700492062 /* Products */ = {
			isa = PBXGroup;
			children = (
				551876401E6BFEC700492062 /* SimpleTableViewController.app */,
			);
			name = Products;
			sourceTree = "<group>";
		};
		551876421E6BFEC700492062 /* SimpleTableViewController */ = {
			isa = PBXGroup;
			children = (
				551876431E6BFEC700492062 /* AppDelegate.swift */,
				551876451E6BFEC700492062 /* ViewController.swift */,
				551876471E6BFEC700492062 /* Main.storyboard */,
				5518764A1E6BFEC700492062 /* Assets.xcassets */,
				5518764C1E6BFEC700492062 /* LaunchScreen.storyboard */,
				5518764F1E6BFEC700492062 /* Info.plist */,
			);
			path = SimpleTableViewController;
			sourceTree = "<group>";
		};
/* End PBXGroup section */

/* Begin PBXNativeTarget section */
		5518763F1E6BFEC700492062 /* SimpleTableViewController */ = {
			isa = PBXNativeTarget;
			buildConfigurationList = 551876521E6BFEC700492062 /* Build configuration list for PBXNativeTarget "SimpleTableViewController" */;
			buildPhases = (
				5518763C1E6BFEC700492062 /* Sources */,
				5518763D1E6BFEC700492062 /* Frameworks */,
				5518763E1E6BFEC700492062 /* Resources */,
			);
			buildRules = (
			);
			dependencies = (
			);
			name = SimpleTableViewController;
			productName = SimpleTableViewController;
			productReference = 551876401E6BFEC700492062 /* SimpleTableViewController.app */;
			productType = "com.apple.product-type.application";
		};
/* End PBXNativeTarget section */

/* Begin PBXProject section */
		551876381E6BFEC700492062 /* Project object */ = {
			isa = PBXProject;
			attributes = {
				LastSwiftUpdateCheck = 0800;
				LastUpgradeCheck = 0800;
				ORGANIZATIONNAME = "Pooja Tyagi";
				TargetAttributes = {
					5518763F1E6BFEC700492062 = {
						CreatedOnToolsVersion = 8.0;
						ProvisioningStyle = Automatic;
					};
				};
			};
			buildConfigurationList = 5518763B1E6BFEC700492062 /* Build configuration list for PBXProject "SimpleTableViewController" */;
			compatibilityVersion = "Xcode 3.2";
			developmentRegion = English;
			hasScannedForEncodings = 0;
			knownRegions = (
				en,
				Base,
			);
			mainGroup = 551876371E6BFEC700492062;
			productRefGroup = 551876411E6BFEC700492062 /* Products */;
			projectDirPath = "";
			projectRoot = "";
			targets = (
				5518763F1E6BFEC700492062 /* SimpleTableViewController */,
			);
		};
/* End PBXProject section */

/* Begin PBXResourcesBuildPhase section */
		5518763E1E6BFEC700492062 /* Resources */ = {
			isa = PBXResourcesBuildPhase;
			buildActionMask = 2147483647;
			files = (
				5518764E1E6BFEC700492062 /* LaunchScreen.storyboard in Resources */,
				5518764B1E6BFEC700492062 /* Assets.xcassets in Resources */,
				551876491E6BFEC700492062 /* Main.storyboard in Resources */,
			);
			runOnlyForDeploymentPostprocessing = 0;
		};
/* End PBXResourcesBuildPhase section */

/* Begin PBXSourcesBuildPhase section */
		5518763C1E6BFEC700492062 /* Sources */ = {
			isa = PBXSourcesBuildPhase;
			buildActionMask = 2147483647;
			files = (
				551876461E6BFEC700492062 /* ViewController.swift in Sources */,
				551876441E6BFEC700492062 /* AppDelegate.swift in Sources */,
			);
			runOnlyForDeploymentPostprocessing = 0;
		};
/* End PBXSourcesBuildPhase section */

/* Begin PBXVariantGroup section */
		551876471E6BFEC700492062 /* Main.storyboard */ = {
			isa = PBXVariantGroup;
			children = (
				551876481E6BFEC700492062 /* Base */,
			);
			name = Main.storyboard;
			sourceTree = "<group>";
		};
		5518764C1E6BFEC700492062 /* LaunchScreen.storyboard */ = {
			isa = PBXVariantGroup;
			children = (
				5518764D1E6BFEC700492062 /* Base */,
			);
			name = LaunchScreen.storyboard;
			sourceTree = "<group>";
		};
/* End PBXVariantGroup section */

/* Begin XCBuildConfiguration section */
		551876501E6BFEC700492062 /* Debug */ = {
			isa = XCBuildConfiguration;
			buildSettings = {
				ALWAYS_SEARCH_USER_PATHS = NO;
				CLANG_ANALYZER_NONNULL = YES;
				CLANG_CXX_LANGUAGE_STANDARD = "gnu++0x";
				CLANG_CXX_LIBRARY = "libc++";
				CLANG_ENABLE_MODULES = YES;
				CLANG_ENABLE_OBJC_ARC = YES;
				CLANG_WARN_BOOL_CONVERSION = YES;
				CLANG_WARN_CONSTANT_CONVERSION = YES;
				CLANG_WARN_DIRECT_OBJC_ISA_USAGE = YES_ERROR;
				CLANG_WARN_DOCUMENTATION_COMMENTS = YES;
				CLANG_WARN_EMPTY_BODY = YES;
				CLANG_WARN_ENUM_CONVERSION = YES;
				CLANG_WARN_INFINITE_RECURSION = YES;
				CLANG_WARN_INT_CONVERSION = YES;
				CLANG_WARN_OBJC_ROOT_CLASS = YES_ERROR;
				CLANG_WARN_SUSPICIOUS_MOVES = YES;
				CLANG_WARN_UNREACHABLE_CODE = YES;
				CLANG_WARN__DUPLICATE_METHOD_MATCH = YES;
				"CODE_SIGN_IDENTITY[sdk=iphoneos*]" = "iPhone Developer";
				COPY_PHASE_STRIP = NO;
				DEBUG_INFORMATION_FORMAT = dwarf;
				ENABLE_STRICT_OBJC_MSGSEND = YES;
				ENABLE_TESTABILITY = YES;
				GCC_C_LANGUAGE_STANDARD = gnu99;
				GCC_DYNAMIC_NO_PIC = NO;
				GCC_NO_COMMON_BLOCKS = YES;
				GCC_OPTIMIZATION_LEVEL = 0;
				GCC_PREPROCESSOR_DEFINITIONS = (
					"DEBUG=1",
					"$(inherited)",
				);
				GCC_WARN_64_TO_32_BIT_CONVERSION = YES;
				GCC_WARN_ABOUT_RETURN_TYPE = YES_ERROR;
				GCC_WARN_UNDECLARED_SELECTOR = YES;
				GCC_WARN_UNINITIALIZED_AUTOS = YES_AGGRESSIVE;
				GCC_WARN_UNUSED_FUNCTION = YES;
				GCC_WARN_UNUSED_VARIABLE = YES;
				IPHONEOS_DEPLOYMENT_TARGET = 10.0;
				MTL_ENABLE_DEBUG_INFO = YES;
				ONLY_ACTIVE_ARCH = YES;
				SDKROOT = iphoneos;
				SWIFT_ACTIVE_COMPILATION_CONDITIONS = DEBUG;
				SWIFT_OPTIMIZATION_LEVEL = "-Onone";
			};
			name = Debug;
		};
		551876511E6BFEC700492062 /* Release */ = {
			isa = XCBuildConfiguration;
			buildSettings = {
				ALWAYS_SEARCH_USER_PATHS = NO;
				CLANG_ANALYZER_NONNULL = YES;
				CLANG_CXX_LANGUAGE_STANDARD = "gnu++0x";
				CLANG_CXX_LIBRARY = "libc++";
				CLANG_ENABLE_MODULES = YES;
				CLANG_ENABLE_OBJC_ARC = YES;
				CLANG_WARN_BOOL_CONVERSION = YES;
				CLANG_WARN_CONSTANT_CONVERSION = YES;
				CLANG_WARN_DIRECT_OBJC_ISA_USAGE = YES_ERROR;
				CLANG_WARN_DOCUMENTATION_COMMENTS = YES;
				CLANG_WARN_EMPTY_BODY = YES;
				CLANG_WARN_ENUM_CONVERSION = YES;
				CLANG_WARN_INFINITE_RECURSION = YES;
				CLANG_WARN_INT_CONVERSION = YES;
				CLANG_WARN_OBJC_ROOT_CLASS = YES_ERROR;
				CLANG_WARN_SUSPICIOUS_MOVES = YES;
				CLANG_WARN_UNREACHABLE_CODE = YES;
				CLANG_WARN__DUPLICATE_METHOD_MATCH = YES;
				"CODE_SIGN_IDENTITY[sdk=iphoneos*]" = "iPhone Developer";
				COPY_PHASE_STRIP = NO;
				DEBUG_INFORMATION_FORMAT = "dwarf-with-dsym";
				ENABLE_NS_ASSERTIONS = NO;
				ENABLE_STRICT_OBJC_MSGSEND = YES;
				GCC_C_LANGUAGE_STANDARD = gnu99;
				GCC_NO_COMMON_BLOCKS = YES;
				GCC_WARN_64_TO_32_BIT_CONVERSION = YES;
				GCC_WARN_ABOUT_RETURN_TYPE = YES_ERROR;
				GCC_WARN_UNDECLARED_SELECTOR = YES;
				GCC_WARN_UNINITIALIZED_AUTOS = YES_AGGRESSIVE;
				GCC_WARN_UNUSED_FUNCTION = YES;
				GCC_WARN_UNUSED_VARIABLE = YES;
				IPHONEOS_DEPLOYMENT_TARGET = 10.0;
				MTL_ENABLE_DEBUG_INFO = NO;
				SDKROOT = iphoneos;
				SWIFT_OPTIMIZATION_LEVEL = "-Owholemodule";
				VALIDATE_PRODUCT = YES;
			};
			name = Release;
		};
		551876531E6BFEC700492062 /* Debug */ = {
			isa = XCBuildConfiguration;
			buildSettings = {
				ASSETCATALOG_COMPILER_APPICON_NAME = AppIcon;
				INFOPLIST_FILE = SimpleTableViewController/Info.plist;
				LD_RUNPATH_SEARCH_PATHS = "$(inherited) @executable_path/Frameworks";
				PRODUCT_BUNDLE_IDENTIFIER = com.ibm.SimpleTableViewController;
				PRODUCT_NAME = "$(TARGET_NAME)";
				SWIFT_VERSION = 3.0;
			};
			name = Debug;
		};
		551876541E6BFEC700492062 /* Release */ = {
			isa = XCBuildConfiguration;
			buildSettings = {
				ASSETCATALOG_COMPILER_APPICON_NAME = AppIcon;
				INFOPLIST_FILE = SimpleTableViewController/Info.plist;
				LD_RUNPATH_SEARCH_PATHS = "$(inherited) @executable_path/Frameworks";
				PRODUCT_BUNDLE_IDENTIFIER = com.ibm.SimpleTableViewController;
				PRODUCT_NAME = "$(TARGET_NAME)";
				SWIFT_VERSION = 3.0;
			};
			name = Release;
		};
/* End XCBuildConfiguration section */

/* Begin XCConfigurationList section */
		5518763B1E6BFEC700492062 /* Build configuration list for PBXProject "SimpleTableViewController" */ = {
			isa = XCConfigurationList;
			buildConfigurations = (
				551876501E6BFEC700492062 /* Debug */,
				551876511E6BFEC700492062 /* Release */,
			);
			defaultConfigurationIsVisible = 0;
			defaultConfigurationName = Release;
		};
		551876521E6BFEC700492062 /* Build configuration list for PBXNativeTarget "SimpleTableViewController" */ = {
			isa = XCConfigurationList;
			buildConfigurations = (
				551876531E6BFEC700492062 /* Debug */,
				551876541E6BFEC700492062 /* Release */,
			);
			defaultConfigurationIsVisible = 0;
		};
/* End XCConfigurationList section */
	};
	rootObject = 551876381E6BFEC700492062 /* Project object */;
}
